
Microsoft Visual Studio Solution File, Format Version 12.00
# Visual Studio Version 16
VisualStudioVersion = 16.0.28902.138
MinimumVisualStudioVersion = 10.0.40219.1
Project("{9A19103F-16F7-4668-BE54-9A1E7A4F7556}") = "Shop.Common", "Shop.Common\Shop.Common.csproj", "{9BBD4EBE-118B-40E8-AB43-952E1D508D83}"
EndProject
Project("{2150E333-8FDC-42A3-9474-1A3956D46DE8}") = "Backend", "Backend", "{5DE49D3D-0EF3-4DB0-8E5B-6AA44AF734E2}"
EndProject
Project("{2150E333-8FDC-42A3-9474-1A3956D46DE8}") = "Frontend", "Frontend", "{26B17258-A110-4353-8CC9-2C0D033D508B}"
EndProject
Project("{2150E333-8FDC-42A3-9474-1A3956D46DE8}") = "Classic", "Classic", "{5159930F-90C5-442B-AEE5-C3182697A9B1}"
EndProject
Project("{2150E333-8FDC-42A3-9474-1A3956D46DE8}") = "Froms", "Froms", "{65496348-B5EC-44CE-AE4C-0F46E4D2ADDE}"
EndProject
Project("{FAE04EC0-301F-11D3-BF4B-00C04F79EFBC}") = "Shop.Web", "Shop.Web\Shop.Web.csproj", "{82D2905A-6321-48DB-9DCC-69A7AC92C412}"
EndProject
Project("{FAE04EC0-301F-11D3-BF4B-00C04F79EFBC}") = "Shop.UIForms.UWP", "Shop.UIForms\Shop.UIForms.UWP\Shop.UIForms.UWP.csproj", "{9DCF8C70-A160-4B71-8F7B-68A45C01A122}"
EndProject
Project("{FAE04EC0-301F-11D3-BF4B-00C04F79EFBC}") = "Shop.UIForms.Android", "Shop.UIForms\Shop.UIForms.Android\Shop.UIForms.Android.csproj", "{E9971655-C6C8-4FC5-BDFD-38E87249B294}"
EndProject
Project("{FAE04EC0-301F-11D3-BF4B-00C04F79EFBC}") = "Shop.UIForms.iOS", "Shop.UIForms\Shop.UIForms.iOS\Shop.UIForms.iOS.csproj", "{8040ED3D-2A98-4688-A7D5-E666E658C387}"
EndProject
Project("{FAE04EC0-301F-11D3-BF4B-00C04F79EFBC}") = "Shop.UIForms", "Shop.UIForms\Shop.UIForms\Shop.UIForms.csproj", "{840A744E-DD39-424C-A2AF-9470019C7395}"
EndProject
Project("{FAE04EC0-301F-11D3-BF4B-00C04F79EFBC}") = "Shop.UIClassic", "Shop.UIClassic\Shop.UIClassic.csproj", "{B8F90C34-392C-43BD-8301-E286F4304FCF}"
EndProject
Project("{FAE04EC0-301F-11D3-BF4B-00C04F79EFBC}") = "Shop.UIClassic.Android", "Shop.UIClassic.Android\Shop.UIClassic.Android.csproj", "{0C23FBA9-470D-4CC0-B4AD-06F9B90FF349}"
EndProject
Project("{FAE04EC0-301F-11D3-BF4B-00C04F79EFBC}") = "Shop.UIClassic.iOS", "Shop.UIClassic.iOS\Shop.UIClassic.iOS.csproj", "{B56E7801-972E-4CD0-9439-A3E7EC3C8CA9}"
EndProject
Global
	GlobalSection(SolutionConfigurationPlatforms) = preSolution
		Debug|Any CPU = Debug|Any CPU
		Debug|ARM = Debug|ARM
		Debug|iPhone = Debug|iPhone
		Debug|iPhoneSimulator = Debug|iPhoneSimulator
		Debug|x64 = Debug|x64
		Debug|x86 = Debug|x86
		Release|Any CPU = Release|Any CPU
		Release|ARM = Release|ARM
		Release|iPhone = Release|iPhone
		Release|iPhoneSimulator = Release|iPhoneSimulator
		Release|x64 = Release|x64
		Release|x86 = Release|x86
	EndGlobalSection
	GlobalSection(ProjectConfigurationPlatforms) = postSolution
		{9BBD4EBE-118B-40E8-AB43-952E1D508D83}.Debug|Any CPU.ActiveCfg = Debug|Any CPU
		{9BBD4EBE-118B-40E8-AB43-952E1D508D83}.Debug|Any CPU.Build.0 = Debug|Any CPU
		{9BBD4EBE-118B-40E8-AB43-952E1D508D83}.Debug|ARM.ActiveCfg = Debug|Any CPU
		{9BBD4EBE-118B-40E8-AB43-952E1D508D83}.Debug|ARM.Build.0 = Debug|Any CPU
		{9BBD4EBE-118B-40E8-AB43-952E1D508D83}.Debug|iPhone.ActiveCfg = Debug|Any CPU
		{9BBD4EBE-118B-40E8-AB43-952E1D508D83}.Debug|iPhone.Build.0 = Debug|Any CPU
		{9BBD4EBE-118B-40E8-AB43-952E1D508D83}.Debug|iPhoneSimulator.ActiveCfg = Debug|Any CPU
		{9BBD4EBE-118B-40E8-AB43-952E1D508D83}.Debug|iPhoneSimulator.Build.0 = Debug|Any CPU
		{9BBD4EBE-118B-40E8-AB43-952E1D508D83}.Debug|x64.ActiveCfg = Debug|Any CPU
		{9BBD4EBE-118B-40E8-AB43-952E1D508D83}.Debug|x64.Build.0 = Debug|Any CPU
		{9BBD4EBE-118B-40E8-AB43-952E1D508D83}.Debug|x86.ActiveCfg = Debug|Any CPU
		{9BBD4EBE-118B-40E8-AB43-952E1D508D83}.Debug|x86.Build.0 = Debug|Any CPU
		{9BBD4EBE-118B-40E8-AB43-952E1D508D83}.Release|Any CPU.ActiveCfg = Release|Any CPU
		{9BBD4EBE-118B-40E8-AB43-952E1D508D83}.Release|Any CPU.Build.0 = Release|Any CPU
		{9BBD4EBE-118B-40E8-AB43-952E1D508D83}.Release|ARM.ActiveCfg = Release|Any CPU
		{9BBD4EBE-118B-40E8-AB43-952E1D508D83}.Release|ARM.Build.0 = Release|Any CPU
		{9BBD4EBE-118B-40E8-AB43-952E1D508D83}.Release|iPhone.ActiveCfg = Release|Any CPU
		{9BBD4EBE-118B-40E8-AB43-952E1D508D83}.Release|iPhone.Build.0 = Release|Any CPU
		{9BBD4EBE-118B-40E8-AB43-952E1D508D83}.Release|iPhoneSimulator.ActiveCfg = Release|Any CPU
		{9BBD4EBE-118B-40E8-AB43-952E1D508D83}.Release|iPhoneSimulator.Build.0 = Release|Any CPU
		{9BBD4EBE-118B-40E8-AB43-952E1D508D83}.Release|x64.ActiveCfg = Release|Any CPU
		{9BBD4EBE-118B-40E8-AB43-952E1D508D83}.Release|x64.Build.0 = Release|Any CPU
		{9BBD4EBE-118B-40E8-AB43-952E1D508D83}.Release|x86.ActiveCfg = Release|Any CPU
		{9BBD4EBE-118B-40E8-AB43-952E1D508D83}.Release|x86.Build.0 = Release|Any CPU
		{82D2905A-6321-48DB-9DCC-69A7AC92C412}.Debug|Any CPU.ActiveCfg = Debug|Any CPU
		{82D2905A-6321-48DB-9DCC-69A7AC92C412}.Debug|Any CPU.Build.0 = Debug|Any CPU
		{82D2905A-6321-48DB-9DCC-69A7AC92C412}.Debug|ARM.ActiveCfg = Debug|Any CPU
		{82D2905A-6321-48DB-9DCC-69A7AC92C412}.Debug|ARM.Build.0 = Debug|Any CPU
		{82D2905A-6321-48DB-9DCC-69A7AC92C412}.Debug|iPhone.ActiveCfg = Debug|Any CPU
		{82D2905A-6321-48DB-9DCC-69A7AC92C412}.Debug|iPhone.Build.0 = Debug|Any CPU
		{82D2905A-6321-48DB-9DCC-69A7AC92C412}.Debug|iPhoneSimulator.ActiveCfg = Debug|Any CPU
		{82D2905A-6321-48DB-9DCC-69A7AC92C412}.Debug|iPhoneSimulator.Build.0 = Debug|Any CPU
		{82D2905A-6321-48DB-9DCC-69A7AC92C412}.Debug|x64.ActiveCfg = Debug|Any CPU
		{82D2905A-6321-48DB-9DCC-69A7AC92C412}.Debug|x64.Build.0 = Debug|Any CPU
		{82D2905A-6321-48DB-9DCC-69A7AC92C412}.Debug|x86.ActiveCfg = Debug|Any CPU
		{82D2905A-6321-48DB-9DCC-69A7AC92C412}.Debug|x86.Build.0 = Debug|Any CPU
		{82D2905A-6321-48DB-9DCC-69A7AC92C412}.Release|Any CPU.ActiveCfg = Release|Any CPU
		{82D2905A-6321-48DB-9DCC-69A7AC92C412}.Release|Any CPU.Build.0 = Release|Any CPU
		{82D2905A-6321-48DB-9DCC-69A7AC92C412}.Release|ARM.ActiveCfg = Release|Any CPU
		{82D2905A-6321-48DB-9DCC-69A7AC92C412}.Release|ARM.Build.0 = Release|Any CPU
		{82D2905A-6321-48DB-9DCC-69A7AC92C412}.Release|iPhone.ActiveCfg = Release|Any CPU
		{82D2905A-6321-48DB-9DCC-69A7AC92C412}.Release|iPhone.Build.0 = Release|Any CPU
		{82D2905A-6321-48DB-9DCC-69A7AC92C412}.Release|iPhoneSimulator.ActiveCfg = Release|Any CPU
		{82D2905A-6321-48DB-9DCC-69A7AC92C412}.Release|iPhoneSimulator.Build.0 = Release|Any CPU
		{82D2905A-6321-48DB-9DCC-69A7AC92C412}.Release|x64.ActiveCfg = Release|Any CPU
		{82D2905A-6321-48DB-9DCC-69A7AC92C412}.Release|x64.Build.0 = Release|Any CPU
		{82D2905A-6321-48DB-9DCC-69A7AC92C412}.Release|x86.ActiveCfg = Release|Any CPU
		{82D2905A-6321-48DB-9DCC-69A7AC92C412}.Release|x86.Build.0 = Release|Any CPU
		{9DCF8C70-A160-4B71-8F7B-68A45C01A122}.Debug|Any CPU.ActiveCfg = Debug|x86
		{9DCF8C70-A160-4B71-8F7B-68A45C01A122}.Debug|ARM.ActiveCfg = Debug|ARM
		{9DCF8C70-A160-4B71-8F7B-68A45C01A122}.Debug|ARM.Build.0 = Debug|ARM
		{9DCF8C70-A160-4B71-8F7B-68A45C01A122}.Debug|ARM.Deploy.0 = Debug|ARM
		{9DCF8C70-A160-4B71-8F7B-68A45C01A122}.Debug|iPhone.ActiveCfg = Debug|x86
		{9DCF8C70-A160-4B71-8F7B-68A45C01A122}.Debug|iPhoneSimulator.ActiveCfg = Debug|x86
		{9DCF8C70-A160-4B71-8F7B-68A45C01A122}.Debug|x64.ActiveCfg = Debug|x64
		{9DCF8C70-A160-4B71-8F7B-68A45C01A122}.Debug|x64.Build.0 = Debug|x64
		{9DCF8C70-A160-4B71-8F7B-68A45C01A122}.Debug|x64.Deploy.0 = Debug|x64
		{9DCF8C70-A160-4B71-8F7B-68A45C01A122}.Debug|x86.ActiveCfg = Debug|x86
		{9DCF8C70-A160-4B71-8F7B-68A45C01A122}.Debug|x86.Build.0 = Debug|x86
		{9DCF8C70-A160-4B71-8F7B-68A45C01A122}.Debug|x86.Deploy.0 = Debug|x86
		{9DCF8C70-A160-4B71-8F7B-68A45C01A122}.Release|Any CPU.ActiveCfg = Release|x86
		{9DCF8C70-A160-4B71-8F7B-68A45C01A122}.Release|ARM.ActiveCfg = Release|ARM
		{9DCF8C70-A160-4B71-8F7B-68A45C01A122}.Release|ARM.Build.0 = Release|ARM
		{9DCF8C70-A160-4B71-8F7B-68A45C01A122}.Release|ARM.Deploy.0 = Release|ARM
		{9DCF8C70-A160-4B71-8F7B-68A45C01A122}.Release|iPhone.ActiveCfg = Release|x86
		{9DCF8C70-A160-4B71-8F7B-68A45C01A122}.Release|iPhoneSimulator.ActiveCfg = Release|x86
		{9DCF8C70-A160-4B71-8F7B-68A45C01A122}.Release|x64.ActiveCfg = Release|x64
		{9DCF8C70-A160-4B71-8F7B-68A45C01A122}.Release|x64.Build.0 = Release|x64
		{9DCF8C70-A160-4B71-8F7B-68A45C01A122}.Release|x64.Deploy.0 = Release|x64
		{9DCF8C70-A160-4B71-8F7B-68A45C01A122}.Release|x86.ActiveCfg = Release|x86
		{9DCF8C70-A160-4B71-8F7B-68A45C01A122}.Release|x86.Build.0 = Release|x86
		{9DCF8C70-A160-4B71-8F7B-68A45C01A122}.Release|x86.Deploy.0 = Release|x86
		{E9971655-C6C8-4FC5-BDFD-38E87249B294}.Debug|Any CPU.ActiveCfg = Debug|Any CPU
		{E9971655-C6C8-4FC5-BDFD-38E87249B294}.Debug|Any CPU.Build.0 = Debug|Any CPU
		{E9971655-C6C8-4FC5-BDFD-38E87249B294}.Debug|Any CPU.Deploy.0 = Debug|Any CPU
		{E9971655-C6C8-4FC5-BDFD-38E87249B294}.Debug|ARM.ActiveCfg = Debug|Any CPU
		{E9971655-C6C8-4FC5-BDFD-38E87249B294}.Debug|ARM.Build.0 = Debug|Any CPU
		{E9971655-C6C8-4FC5-BDFD-38E87249B294}.Debug|ARM.Deploy.0 = Debug|Any CPU
		{E9971655-C6C8-4FC5-BDFD-38E87249B294}.Debug|iPhone.ActiveCfg = Debug|Any CPU
		{E9971655-C6C8-4FC5-BDFD-38E87249B294}.Debug|iPhone.Build.0 = Debug|Any CPU
		{E9971655-C6C8-4FC5-BDFD-38E87249B294}.Debug|iPhone.Deploy.0 = Debug|Any CPU
		{E9971655-C6C8-4FC5-BDFD-38E87249B294}.Debug|iPhoneSimulator.ActiveCfg = Debug|Any CPU
		{E9971655-C6C8-4FC5-BDFD-38E87249B294}.Debug|iPhoneSimulator.Build.0 = Debug|Any CPU
		{E9971655-C6C8-4FC5-BDFD-38E87249B294}.Debug|iPhoneSimulator.Deploy.0 = Debug|Any CPU
		{E9971655-C6C8-4FC5-BDFD-38E87249B294}.Debug|x64.ActiveCfg = Debug|Any CPU
		{E9971655-C6C8-4FC5-BDFD-38E87249B294}.Debug|x64.Build.0 = Debug|Any CPU
		{E9971655-C6C8-4FC5-BDFD-38E87249B294}.Debug|x64.Deploy.0 = Debug|Any CPU
		{E9971655-C6C8-4FC5-BDFD-38E87249B294}.Debug|x86.ActiveCfg = Debug|Any CPU
		{E9971655-C6C8-4FC5-BDFD-38E87249B294}.Debug|x86.Build.0 = Debug|Any CPU
		{E9971655-C6C8-4FC5-BDFD-38E87249B294}.Debug|x86.Deploy.0 = Debug|Any CPU
		{E9971655-C6C8-4FC5-BDFD-38E87249B294}.Release|Any CPU.ActiveCfg = Release|Any CPU
		{E9971655-C6C8-4FC5-BDFD-38E87249B294}.Release|Any CPU.Build.0 = Release|Any CPU
		{E9971655-C6C8-4FC5-BDFD-38E87249B294}.Release|Any CPU.Deploy.0 = Release|Any CPU
		{E9971655-C6C8-4FC5-BDFD-38E87249B294}.Release|ARM.ActiveCfg = Release|Any CPU
		{E9971655-C6C8-4FC5-BDFD-38E87249B294}.Release|ARM.Build.0 = Release|Any CPU
		{E9971655-C6C8-4FC5-BDFD-38E87249B294}.Release|ARM.Deploy.0 = Release|Any CPU
		{E9971655-C6C8-4FC5-BDFD-38E87249B294}.Release|iPhone.ActiveCfg = Release|Any CPU
		{E9971655-C6C8-4FC5-BDFD-38E87249B294}.Release|iPhone.Build.0 = Release|Any CPU
		{E9971655-C6C8-4FC5-BDFD-38E87249B294}.Release|iPhone.Deploy.0 = Release|Any CPU
		{E9971655-C6C8-4FC5-BDFD-38E87249B294}.Release|iPhoneSimulator.ActiveCfg = Release|Any CPU
		{E9971655-C6C8-4FC5-BDFD-38E87249B294}.Release|iPhoneSimulator.Build.0 = Release|Any CPU
		{E9971655-C6C8-4FC5-BDFD-38E87249B294}.Release|iPhoneSimulator.Deploy.0 = Release|Any CPU
		{E9971655-C6C8-4FC5-BDFD-38E87249B294}.Release|x64.ActiveCfg = Release|Any CPU
		{E9971655-C6C8-4FC5-BDFD-38E87249B294}.Release|x64.Build.0 = Release|Any CPU
		{E9971655-C6C8-4FC5-BDFD-38E87249B294}.Release|x64.Deploy.0 = Release|Any CPU
		{E9971655-C6C8-4FC5-BDFD-38E87249B294}.Release|x86.ActiveCfg = Release|Any CPU
		{E9971655-C6C8-4FC5-BDFD-38E87249B294}.Release|x86.Build.0 = Release|Any CPU
		{E9971655-C6C8-4FC5-BDFD-38E87249B294}.Release|x86.Deploy.0 = Release|Any CPU
		{8040ED3D-2A98-4688-A7D5-E666E658C387}.Debug|Any CPU.ActiveCfg = Debug|iPhone
		{8040ED3D-2A98-4688-A7D5-E666E658C387}.Debug|ARM.ActiveCfg = Debug|iPhone
		{8040ED3D-2A98-4688-A7D5-E666E658C387}.Debug|iPhone.ActiveCfg = Debug|iPhone
		{8040ED3D-2A98-4688-A7D5-E666E658C387}.Debug|iPhone.Build.0 = Debug|iPhone
		{8040ED3D-2A98-4688-A7D5-E666E658C387}.Debug|iPhoneSimulator.ActiveCfg = Debug|iPhoneSimulator
		{8040ED3D-2A98-4688-A7D5-E666E658C387}.Debug|iPhoneSimulator.Build.0 = Debug|iPhoneSimulator
		{8040ED3D-2A98-4688-A7D5-E666E658C387}.Debug|x64.ActiveCfg = Debug|iPhone
		{8040ED3D-2A98-4688-A7D5-E666E658C387}.Debug|x86.ActiveCfg = Debug|iPhone
		{8040ED3D-2A98-4688-A7D5-E666E658C387}.Release|Any CPU.ActiveCfg = Release|iPhone
		{8040ED3D-2A98-4688-A7D5-E666E658C387}.Release|ARM.ActiveCfg = Release|iPhone
		{8040ED3D-2A98-4688-A7D5-E666E658C387}.Release|iPhone.ActiveCfg = Release|iPhone
		{8040ED3D-2A98-4688-A7D5-E666E658C387}.Release|iPhone.Build.0 = Release|iPhone
		{8040ED3D-2A98-4688-A7D5-E666E658C387}.Release|iPhoneSimulator.ActiveCfg = Release|iPhoneSimulator
		{8040ED3D-2A98-4688-A7D5-E666E658C387}.Release|iPhoneSimulator.Build.0 = Release|iPhoneSimulator
		{8040ED3D-2A98-4688-A7D5-E666E658C387}.Release|x64.ActiveCfg = Release|iPhone
		{8040ED3D-2A98-4688-A7D5-E666E658C387}.Release|x86.ActiveCfg = Release|iPhone
		{840A744E-DD39-424C-A2AF-9470019C7395}.Debug|Any CPU.ActiveCfg = Debug|Any CPU
		{840A744E-DD39-424C-A2AF-9470019C7395}.Debug|Any CPU.Build.0 = Debug|Any CPU
		{840A744E-DD39-424C-A2AF-9470019C7395}.Debug|ARM.ActiveCfg = Debug|Any CPU
		{840A744E-DD39-424C-A2AF-9470019C7395}.Debug|ARM.Build.0 = Debug|Any CPU
		{840A744E-DD39-424C-A2AF-9470019C7395}.Debug|iPhone.ActiveCfg = Debug|Any CPU
		{840A744E-DD39-424C-A2AF-9470019C7395}.Debug|iPhone.Build.0 = Debug|Any CPU
		{840A744E-DD39-424C-A2AF-9470019C7395}.Debug|iPhoneSimulator.ActiveCfg = Debug|Any CPU
		{840A744E-DD39-424C-A2AF-9470019C7395}.Debug|iPhoneSimulator.Build.0 = Debug|Any CPU
		{840A744E-DD39-424C-A2AF-9470019C7395}.Debug|x64.ActiveCfg = Debug|Any CPU
		{840A744E-DD39-424C-A2AF-9470019C7395}.Debug|x64.Build.0 = Debug|Any CPU
		{840A744E-DD39-424C-A2AF-9470019C7395}.Debug|x86.ActiveCfg = Debug|Any CPU
		{840A744E-DD39-424C-A2AF-9470019C7395}.Debug|x86.Build.0 = Debug|Any CPU
		{840A744E-DD39-424C-A2AF-9470019C7395}.Release|Any CPU.ActiveCfg = Release|Any CPU
		{840A744E-DD39-424C-A2AF-9470019C7395}.Release|Any CPU.Build.0 = Release|Any CPU
		{840A744E-DD39-424C-A2AF-9470019C7395}.Release|ARM.ActiveCfg = Release|Any CPU
		{840A744E-DD39-424C-A2AF-9470019C7395}.Release|ARM.Build.0 = Release|Any CPU
		{840A744E-DD39-424C-A2AF-9470019C7395}.Release|iPhone.ActiveCfg = Release|Any CPU
		{840A744E-DD39-424C-A2AF-9470019C7395}.Release|iPhone.Build.0 = Release|Any CPU
		{840A744E-DD39-424C-A2AF-9470019C7395}.Release|iPhoneSimulator.ActiveCfg = Release|Any CPU
		{840A744E-DD39-424C-A2AF-9470019C7395}.Release|iPhoneSimulator.Build.0 = Release|Any CPU
		{840A744E-DD39-424C-A2AF-9470019C7395}.Release|x64.ActiveCfg = Release|Any CPU
		{840A744E-DD39-424C-A2AF-9470019C7395}.Release|x64.Build.0 = Release|Any CPU
		{840A744E-DD39-424C-A2AF-9470019C7395}.Release|x86.ActiveCfg = Release|Any CPU
		{840A744E-DD39-424C-A2AF-9470019C7395}.Release|x86.Build.0 = Release|Any CPU
		{B8F90C34-392C-43BD-8301-E286F4304FCF}.Debug|Any CPU.ActiveCfg = Debug|Any CPU
		{B8F90C34-392C-43BD-8301-E286F4304FCF}.Debug|Any CPU.Build.0 = Debug|Any CPU
		{B8F90C34-392C-43BD-8301-E286F4304FCF}.Debug|ARM.ActiveCfg = Debug|Any CPU
		{B8F90C34-392C-43BD-8301-E286F4304FCF}.Debug|ARM.Build.0 = Debug|Any CPU
		{B8F90C34-392C-43BD-8301-E286F4304FCF}.Debug|iPhone.ActiveCfg = Debug|Any CPU
		{B8F90C34-392C-43BD-8301-E286F4304FCF}.Debug|iPhone.Build.0 = Debug|Any CPU
		{B8F90C34-392C-43BD-8301-E286F4304FCF}.Debug|iPhoneSimulator.ActiveCfg = Debug|Any CPU
		{B8F90C34-392C-43BD-8301-E286F4304FCF}.Debug|iPhoneSimulator.Build.0 = Debug|Any CPU
		{B8F90C34-392C-43BD-8301-E286F4304FCF}.Debug|x64.ActiveCfg = Debug|Any CPU
		{B8F90C34-392C-43BD-8301-E286F4304FCF}.Debug|x64.Build.0 = Debug|Any CPU
		{B8F90C34-392C-43BD-8301-E286F4304FCF}.Debug|x86.ActiveCfg = Debug|Any CPU
		{B8F90C34-392C-43BD-8301-E286F4304FCF}.Debug|x86.Build.0 = Debug|Any CPU
		{B8F90C34-392C-43BD-8301-E286F4304FCF}.Release|Any CPU.ActiveCfg = Release|Any CPU
		{B8F90C34-392C-43BD-8301-E286F4304FCF}.Release|Any CPU.Build.0 = Release|Any CPU
		{B8F90C34-392C-43BD-8301-E286F4304FCF}.Release|ARM.ActiveCfg = Release|Any CPU
		{B8F90C34-392C-43BD-8301-E286F4304FCF}.Release|ARM.Build.0 = Release|Any CPU
		{B8F90C34-392C-43BD-8301-E286F4304FCF}.Release|iPhone.ActiveCfg = Release|Any CPU
		{B8F90C34-392C-43BD-8301-E286F4304FCF}.Release|iPhone.Build.0 = Release|Any CPU
		{B8F90C34-392C-43BD-8301-E286F4304FCF}.Release|iPhoneSimulator.ActiveCfg = Release|Any CPU
		{B8F90C34-392C-43BD-8301-E286F4304FCF}.Release|iPhoneSimulator.Build.0 = Release|Any CPU
		{B8F90C34-392C-43BD-8301-E286F4304FCF}.Release|x64.ActiveCfg = Release|Any CPU
		{B8F90C34-392C-43BD-8301-E286F4304FCF}.Release|x64.Build.0 = Release|Any CPU
		{B8F90C34-392C-43BD-8301-E286F4304FCF}.Release|x86.ActiveCfg = Release|Any CPU
		{B8F90C34-392C-43BD-8301-E286F4304FCF}.Release|x86.Build.0 = Release|Any CPU
		{0C23FBA9-470D-4CC0-B4AD-06F9B90FF349}.Debug|Any CPU.ActiveCfg = Debug|Any CPU
		{0C23FBA9-470D-4CC0-B4AD-06F9B90FF349}.Debug|Any CPU.Build.0 = Debug|Any CPU
		{0C23FBA9-470D-4CC0-B4AD-06F9B90FF349}.Debug|Any CPU.Deploy.0 = Debug|Any CPU
		{0C23FBA9-470D-4CC0-B4AD-06F9B90FF349}.Debug|ARM.ActiveCfg = Debug|Any CPU
		{0C23FBA9-470D-4CC0-B4AD-06F9B90FF349}.Debug|ARM.Build.0 = Debug|Any CPU
		{0C23FBA9-470D-4CC0-B4AD-06F9B90FF349}.Debug|ARM.Deploy.0 = Debug|Any CPU
		{0C23FBA9-470D-4CC0-B4AD-06F9B90FF349}.Debug|iPhone.ActiveCfg = Debug|Any CPU
		{0C23FBA9-470D-4CC0-B4AD-06F9B90FF349}.Debug|iPhone.Build.0 = Debug|Any CPU
		{0C23FBA9-470D-4CC0-B4AD-06F9B90FF349}.Debug|iPhone.Deploy.0 = Debug|Any CPU
		{0C23FBA9-470D-4CC0-B4AD-06F9B90FF349}.Debug|iPhoneSimulator.ActiveCfg = Debug|Any CPU
		{0C23FBA9-470D-4CC0-B4AD-06F9B90FF349}.Debug|iPhoneSimulator.Build.0 = Debug|Any CPU
		{0C23FBA9-470D-4CC0-B4AD-06F9B90FF349}.Debug|iPhoneSimulator.Deploy.0 = Debug|Any CPU
		{0C23FBA9-470D-4CC0-B4AD-06F9B90FF349}.Debug|x64.ActiveCfg = Debug|Any CPU
		{0C23FBA9-470D-4CC0-B4AD-06F9B90FF349}.Debug|x64.Build.0 = Debug|Any CPU
		{0C23FBA9-470D-4CC0-B4AD-06F9B90FF349}.Debug|x64.Deploy.0 = Debug|Any CPU
		{0C23FBA9-470D-4CC0-B4AD-06F9B90FF349}.Debug|x86.ActiveCfg = Debug|Any CPU
		{0C23FBA9-470D-4CC0-B4AD-06F9B90FF349}.Debug|x86.Build.0 = Debug|Any CPU
		{0C23FBA9-470D-4CC0-B4AD-06F9B90FF349}.Debug|x86.Deploy.0 = Debug|Any CPU
		{0C23FBA9-470D-4CC0-B4AD-06F9B90FF349}.Release|Any CPU.ActiveCfg = Release|Any CPU
		{0C23FBA9-470D-4CC0-B4AD-06F9B90FF349}.Release|Any CPU.Build.0 = Release|Any CPU
		{0C23FBA9-470D-4CC0-B4AD-06F9B90FF349}.Release|Any CPU.Deploy.0 = Release|Any CPU
		{0C23FBA9-470D-4CC0-B4AD-06F9B90FF349}.Release|ARM.ActiveCfg = Release|Any CPU
		{0C23FBA9-470D-4CC0-B4AD-06F9B90FF349}.Release|ARM.Build.0 = Release|Any CPU
		{0C23FBA9-470D-4CC0-B4AD-06F9B90FF349}.Release|ARM.Deploy.0 = Release|Any CPU
		{0C23FBA9-470D-4CC0-B4AD-06F9B90FF349}.Release|iPhone.ActiveCfg = Release|Any CPU
		{0C23FBA9-470D-4CC0-B4AD-06F9B90FF349}.Release|iPhone.Build.0 = Release|Any CPU
		{0C23FBA9-470D-4CC0-B4AD-06F9B90FF349}.Release|iPhone.Deploy.0 = Release|Any CPU
		{0C23FBA9-470D-4CC0-B4AD-06F9B90FF349}.Release|iPhoneSimulator.ActiveCfg = Release|Any CPU
		{0C23FBA9-470D-4CC0-B4AD-06F9B90FF349}.Release|iPhoneSimulator.Build.0 = Release|Any CPU
		{0C23FBA9-470D-4CC0-B4AD-06F9B90FF349}.Release|iPhoneSimulator.Deploy.0 = Release|Any CPU
		{0C23FBA9-470D-4CC0-B4AD-06F9B90FF349}.Release|x64.ActiveCfg = Release|Any CPU
		{0C23FBA9-470D-4CC0-B4AD-06F9B90FF349}.Release|x64.Build.0 = Release|Any CPU
		{0C23FBA9-470D-4CC0-B4AD-06F9B90FF349}.Release|x64.Deploy.0 = Release|Any CPU
		{0C23FBA9-470D-4CC0-B4AD-06F9B90FF349}.Release|x86.ActiveCfg = Release|Any CPU
		{0C23FBA9-470D-4CC0-B4AD-06F9B90FF349}.Release|x86.Build.0 = Release|Any CPU
		{0C23FBA9-470D-4CC0-B4AD-06F9B90FF349}.Release|x86.Deploy.0 = Release|Any CPU
		{B56E7801-972E-4CD0-9439-A3E7EC3C8CA9}.Debug|Any CPU.ActiveCfg = Debug|iPhone
		{B56E7801-972E-4CD0-9439-A3E7EC3C8CA9}.Debug|ARM.ActiveCfg = Debug|iPhone
		{B56E7801-972E-4CD0-9439-A3E7EC3C8CA9}.Debug|iPhone.ActiveCfg = Debug|iPhone
		{B56E7801-972E-4CD0-9439-A3E7EC3C8CA9}.Debug|iPhone.Build.0 = Debug|iPhone
		{B56E7801-972E-4CD0-9439-A3E7EC3C8CA9}.Debug|iPhoneSimulator.ActiveCfg = Debug|iPhoneSimulator
		{B56E7801-972E-4CD0-9439-A3E7EC3C8CA9}.Debug|iPhoneSimulator.Build.0 = Debug|iPhoneSimulator
		{B56E7801-972E-4CD0-9439-A3E7EC3C8CA9}.Debug|x64.ActiveCfg = Debug|iPhone
		{B56E7801-972E-4CD0-9439-A3E7EC3C8CA9}.Debug|x86.ActiveCfg = Debug|iPhone
		{B56E7801-972E-4CD0-9439-A3E7EC3C8CA9}.Release|Any CPU.ActiveCfg = Release|iPhone
		{B56E7801-972E-4CD0-9439-A3E7EC3C8CA9}.Release|ARM.ActiveCfg = Release|iPhone
		{B56E7801-972E-4CD0-9439-A3E7EC3C8CA9}.Release|iPhone.ActiveCfg = Release|iPhone
		{B56E7801-972E-4CD0-9439-A3E7EC3C8CA9}.Release|iPhone.Build.0 = Release|iPhone
		{B56E7801-972E-4CD0-9439-A3E7EC3C8CA9}.Release|iPhoneSimulator.ActiveCfg = Release|iPhoneSimulator
		{B56E7801-972E-4CD0-9439-A3E7EC3C8CA9}.Release|iPhoneSimulator.Build.0 = Release|iPhoneSimulator
		{B56E7801-972E-4CD0-9439-A3E7EC3C8CA9}.Release|x64.ActiveCfg = Release|iPhone
		{B56E7801-972E-4CD0-9439-A3E7EC3C8CA9}.Release|x86.ActiveCfg = Release|iPhone
	EndGlobalSection
	GlobalSection(SolutionProperties) = preSolution
		HideSolutionNode = FALSE
	EndGlobalSection
	GlobalSection(NestedProjects) = preSolution
		{5159930F-90C5-442B-AEE5-C3182697A9B1} = {26B17258-A110-4353-8CC9-2C0D033D508B}
		{65496348-B5EC-44CE-AE4C-0F46E4D2ADDE} = {26B17258-A110-4353-8CC9-2C0D033D508B}
		{82D2905A-6321-48DB-9DCC-69A7AC92C412} = {5DE49D3D-0EF3-4DB0-8E5B-6AA44AF734E2}
		{9DCF8C70-A160-4B71-8F7B-68A45C01A122} = {65496348-B5EC-44CE-AE4C-0F46E4D2ADDE}
		{E9971655-C6C8-4FC5-BDFD-38E87249B294} = {65496348-B5EC-44CE-AE4C-0F46E4D2ADDE}
		{8040ED3D-2A98-4688-A7D5-E666E658C387} = {65496348-B5EC-44CE-AE4C-0F46E4D2ADDE}
		{840A744E-DD39-424C-A2AF-9470019C7395} = {65496348-B5EC-44CE-AE4C-0F46E4D2ADDE}
		{B8F90C34-392C-43BD-8301-E286F4304FCF} = {5159930F-90C5-442B-AEE5-C3182697A9B1}
		{0C23FBA9-470D-4CC0-B4AD-06F9B90FF349} = {5159930F-90C5-442B-AEE5-C3182697A9B1}
		{B56E7801-972E-4CD0-9439-A3E7EC3C8CA9} = {5159930F-90C5-442B-AEE5-C3182697A9B1}
	EndGlobalSection
	GlobalSection(ExtensibilityGlobals) = postSolution
		SolutionGuid = {8AF5D63A-8783-4E4E-9054-A0B27263FBBD}
	EndGlobalSection
EndGlobal
